// !$*UTF8*$!
{
	archiveVersion = 1;
	classes = {
	};
	objectVersion = 50;
	objects = {

/* Begin PBXBuildFile section */
		2125884C20F68057001FC465 /* AppDelegate.swift in Sources */ = {isa = PBXBuildFile; fileRef = 2125884B20F68057001FC465 /* AppDelegate.swift */; };
		2125884E20F68057001FC465 /* GameScene.sks in Resources */ = {isa = PBXBuildFile; fileRef = 2125884D20F68057001FC465 /* GameScene.sks */; };
		2125885020F68057001FC465 /* Actions.sks in Resources */ = {isa = PBXBuildFile; fileRef = 2125884F20F68057001FC465 /* Actions.sks */; };
		2125885220F68057001FC465 /* GameScene.swift in Sources */ = {isa = PBXBuildFile; fileRef = 2125885120F68057001FC465 /* GameScene.swift */; };
		2125885420F68057001FC465 /* GameViewController.swift in Sources */ = {isa = PBXBuildFile; fileRef = 2125885320F68057001FC465 /* GameViewController.swift */; };
		2125885720F68057001FC465 /* Main.storyboard in Resources */ = {isa = PBXBuildFile; fileRef = 2125885520F68057001FC465 /* Main.storyboard */; };
		2125885920F68059001FC465 /* Assets.xcassets in Resources */ = {isa = PBXBuildFile; fileRef = 2125885820F68059001FC465 /* Assets.xcassets */; };
		2125885C20F68059001FC465 /* LaunchScreen.storyboard in Resources */ = {isa = PBXBuildFile; fileRef = 2125885A20F68059001FC465 /* LaunchScreen.storyboard */; };
/* End PBXBuildFile section */

/* Begin PBXFileReference section */
		2125884820F68057001FC465 /* github_test.app */ = {isa = PBXFileReference; explicitFileType = wrapper.application; includeInIndex = 0; path = github_test.app; sourceTree = BUILT_PRODUCTS_DIR; };
		2125884B20F68057001FC465 /* AppDelegate.swift */ = {isa = PBXFileReference; lastKnownFileType = sourcecode.swift; path = AppDelegate.swift; sourceTree = "<group>"; };
		2125884D20F68057001FC465 /* GameScene.sks */ = {isa = PBXFileReference; lastKnownFileType = file.sks; path = GameScene.sks; sourceTree = "<group>"; };
		2125884F20F68057001FC465 /* Actions.sks */ = {isa = PBXFileReference; lastKnownFileType = file.sks; path = Actions.sks; sourceTree = "<group>"; };
		2125885120F68057001FC465 /* GameScene.swift */ = {isa = PBXFileReference; lastKnownFileType = sourcecode.swift; path = GameScene.swift; sourceTree = "<group>"; };
		2125885320F68057001FC465 /* GameViewController.swift */ = {isa = PBXFileReference; lastKnownFileType = sourcecode.swift; path = GameViewController.swift; sourceTree = "<group>"; };
		2125885620F68057001FC465 /* Base */ = {isa = PBXFileReference; lastKnownFileType = file.storyboard; name = Base; path = Base.lproj/Main.storyboard; sourceTree = "<group>"; };
		2125885820F68059001FC465 /* Assets.xcassets */ = {isa = PBXFileReference; lastKnownFileType = folder.assetcatalog; path = Assets.xcassets; sourceTree = "<group>"; };
		2125885B20F68059001FC465 /* Base */ = {isa = PBXFileReference; lastKnownFileType = file.storyboard; name = Base; path = Base.lproj/LaunchScreen.storyboard; sourceTree = "<group>"; };
		2125885D20F68059001FC465 /* Info.plist */ = {isa = PBXFileReference; lastKnownFileType = text.plist.xml; path = Info.plist; sourceTree = "<group>"; };
/* End PBXFileReference section */

/* Begin PBXFrameworksBuildPhase section */
		2125884520F68057001FC465 /* Frameworks */ = {
			isa = PBXFrameworksBuildPhase;
			buildActionMask = 2147483647;
			files = (
			);
			runOnlyForDeploymentPostprocessing = 0;
		};
/* End PBXFrameworksBuildPhase section */

/* Begin PBXGroup section */
		2125883F20F68057001FC465 = {
			isa = PBXGroup;
			children = (
				2125884A20F68057001FC465 /* github_test */,
				2125884920F68057001FC465 /* Products */,
			);
			sourceTree = "<group>";
		};
		2125884920F68057001FC465 /* Products */ = {
			isa = PBXGroup;
			children = (
				2125884820F68057001FC465 /* github_test.app */,
			);
			name = Products;
			sourceTree = "<group>";
		};
		2125884A20F68057001FC465 /* github_test */ = {
			isa = PBXGroup;
			children = (
				2125884B20F68057001FC465 /* AppDelegate.swift */,
				2125884D20F68057001FC465 /* GameScene.sks */,
				2125884F20F68057001FC465 /* Actions.sks */,
				2125885120F68057001FC465 /* GameScene.swift */,
				2125885320F68057001FC465 /* GameViewController.swift */,
				2125885520F68057001FC465 /* Main.storyboard */,
				2125885820F68059001FC465 /* Assets.xcassets */,
				2125885A20F68059001FC465 /* LaunchScreen.storyboard */,
				2125885D20F68059001FC465 /* Info.plist */,
			);
			path = github_test;
			sourceTree = "<group>";
		};
/* End PBXGroup section */

/* Begin PBXNativeTarget section */
		2125884720F68057001FC465 /* github_test */ = {
			isa = PBXNativeTarget;
			buildConfigurationList = 2125886020F68059001FC465 /* Build configuration list for PBXNativeTarget "github_test" */;
			buildPhases = (
				2125884420F68057001FC465 /* Sources */,
				2125884520F68057001FC465 /* Frameworks */,
				2125884620F68057001FC465 /* Resources */,
			);
			buildRules = (
			);
			dependencies = (
			);
			name = github_test;
			productName = github_test;
			productReference = 2125884820F68057001FC465 /* github_test.app */;
			productType = "com.apple.product-type.application";
		};
/* End PBXNativeTarget section */

/* Begin PBXProject section */
		2125884020F68057001FC465 /* Project object */ = {
			isa = PBXProject;
			attributes = {
				LastSwiftUpdateCheck = 0940;
				LastUpgradeCheck = 0940;
				ORGANIZATIONNAME = "Heber Alejandro Solis Gurrola";
				TargetAttributes = {
					2125884720F68057001FC465 = {
						CreatedOnToolsVersion = 9.4.1;
					};
				};
			};
			buildConfigurationList = 2125884320F68057001FC465 /* Build configuration list for PBXProject "github_test" */;
			compatibilityVersion = "Xcode 9.3";
			developmentRegion = en;
			hasScannedForEncodings = 0;
			knownRegions = (
				en,
				Base,
			);
			mainGroup = 2125883F20F68057001FC465;
			productRefGroup = 2125884920F68057001FC465 /* Products */;
			projectDirPath = "";
			projectRoot = "";
			targets = (
				2125884720F68057001FC465 /* github_test */,
			);
		};
/* End PBXProject section */

/* Begin PBXResourcesBuildPhase section */
		2125884620F68057001FC465 /* Resources */ = {
			isa = PBXResourcesBuildPhase;
			buildActionMask = 2147483647;
			files = (
				2125885720F68057001FC465 /* Main.storyboard in Resources */,
				2125884E20F68057001FC465 /* GameScene.sks in Resources */,
				2125885920F68059001FC465 /* Assets.xcassets in Resources */,
				2125885C20F68059001FC465 /* LaunchScreen.storyboard in Resources */,
				2125885020F68057001FC465 /* Actions.sks in Resources */,
			);
			runOnlyForDeploymentPostprocessing = 0;
		};
/* End PBXResourcesBuildPhase section */

/* Begin PBXSourcesBuildPhase section */
		2125884420F68057001FC465 /* Sources */ = {
			isa = PBXSourcesBuildPhase;
			buildActionMask = 2147483647;
			files = (
				2125885220F68057001FC465 /* GameScene.swift in Sources */,
				2125885420F68057001FC465 /* GameViewController.swift in Sources */,
				2125884C20F68057001FC465 /* AppDelegate.swift in Sources */,
			);
			runOnlyForDeploymentPostprocessing = 0;
		};
/* End PBXSourcesBuildPhase section */

/* Begin PBXVariantGroup section */
		2125885520F68057001FC465 /* Main.storyboard */ = {
			isa = PBXVariantGroup;
			children = (
				2125885620F68057001FC465 /* Base */,
			);
			name = Main.storyboard;
			sourceTree = "<group>";
		};
		2125885A20F68059001FC465 /* LaunchScreen.storyboard */ = {
			isa = PBXVariantGroup;
			children = (
				2125885B20F68059001FC465 /* Base */,
			);
			name = LaunchScreen.storyboard;
			sourceTree = "<group>";
		};
/* End PBXVariantGroup section */

/* Begin XCBuildConfiguration section */
		2125885E20F68059001FC465 /* Debug */ = {
			isa = XCBuildConfiguration;
			buildSettings = {
				ALWAYS_SEARCH_USER_PATHS = NO;
				CLANG_ANALYZER_NONNULL = YES;
				CLANG_ANALYZER_NUMBER_OBJECT_CONVERSION = YES_AGGRESSIVE;
				CLANG_CXX_LANGUAGE_STANDARD = "gnu++14";
				CLANG_CXX_LIBRARY = "libc++";
				CLANG_ENABLE_MODULES = YES;
				CLANG_ENABLE_OBJC_ARC = YES;
				CLANG_ENABLE_OBJC_WEAK = YES;
				CLANG_WARN_BLOCK_CAPTURE_AUTORELEASING = YES;
				CLANG_WARN_BOOL_CONVERSION = YES;
				CLANG_WARN_COMMA = YES;
				CLANG_WARN_CONSTANT_CONVERSION = YES;
				CLANG_WARN_DEPRECATED_OBJC_IMPLEMENTATIONS = YES;
				CLANG_WARN_DIRECT_OBJC_ISA_USAGE = YES_ERROR;
				CLANG_WARN_DOCUMENTATION_COMMENTS = YES;
				CLANG_WARN_EMPTY_BODY = YES;
				CLANG_WARN_ENUM_CONVERSION = YES;
				CLANG_WARN_INFINITE_RECURSION = YES;
				CLANG_WARN_INT_CONVERSION = YES;
				CLANG_WARN_NON_LITERAL_NULL_CONVERSION = YES;
				CLANG_WARN_OBJC_IMPLICIT_RETAIN_SELF = YES;
				CLANG_WARN_OBJC_LITERAL_CONVERSION = YES;
				CLANG_WARN_OBJC_ROOT_CLASS = YES_ERROR;
				CLANG_WARN_RANGE_LOOP_ANALYSIS = YES;
				CLANG_WARN_STRICT_PROTOTYPES = YES;
				CLANG_WARN_SUSPICIOUS_MOVE = YES;
				CLANG_WARN_UNGUARDED_AVAILABILITY = YES_AGGRESSIVE;
				CLANG_WARN_UNREACHABLE_CODE = YES;
				CLANG_WARN__DUPLICATE_METHOD_MATCH = YES;
				CODE_SIGN_IDENTITY = "iPhone Developer";
				COPY_PHASE_STRIP = NO;
				DEBUG_INFORMATION_FORMAT = dwarf;
				ENABLE_STRICT_OBJC_MSGSEND = YES;
				ENABLE_TESTABILITY = YES;
				GCC_C_LANGUAGE_STANDARD = gnu11;
				GCC_DYNAMIC_NO_PIC = NO;
				GCC_NO_COMMON_BLOCKS = YES;
				GCC_OPTIMIZATION_LEVEL = 0;
				GCC_PREPROCESSOR_DEFINITIONS = (
					"DEBUG=1",
					"$(inherited)",
				);
				GCC_WARN_64_TO_32_BIT_CONVERSION = YES;
				GCC_WARN_ABOUT_RETURN_TYPE = YES_ERROR;
				GCC_WARN_UNDECLARED_SELECTOR = YES;
				GCC_WARN_UNINITIALIZED_AUTOS = YES_AGGRESSIVE;
				GCC_WARN_UNUSED_FUNCTION = YES;
				GCC_WARN_UNUSED_VARIABLE = YES;
				IPHONEOS_DEPLOYMENT_TARGET = 11.4;
				MTL_ENABLE_DEBUG_INFO = YES;
				ONLY_ACTIVE_ARCH = YES;
				SDKROOT = iphoneos;
				SWIFT_ACTIVE_COMPILATION_CONDITIONS = DEBUG;
				SWIFT_OPTIMIZATION_LEVEL = "-Onone";
			};
			name = Debug;
		};
		2125885F20F68059001FC465 /* Release */ = {
			isa = XCBuildConfiguration;
			buildSettings = {
				ALWAYS_SEARCH_USER_PATHS = NO;
				CLANG_ANALYZER_NONNULL = YES;
				CLANG_ANALYZER_NUMBER_OBJECT_CONVERSION = YES_AGGRESSIVE;
				CLANG_CXX_LANGUAGE_STANDARD = "gnu++14";
				CLANG_CXX_LIBRARY = "libc++";
				CLANG_ENABLE_MODULES = YES;
				CLANG_ENABLE_OBJC_ARC = YES;
				CLANG_ENABLE_OBJC_WEAK = YES;
				CLANG_WARN_BLOCK_CAPTURE_AUTORELEASING = YES;
				CLANG_WARN_BOOL_CONVERSION = YES;
				CLANG_WARN_COMMA = YES;
				CLANG_WARN_CONSTANT_CONVERSION = YES;
				CLANG_WARN_DEPRECATED_OBJC_IMPLEMENTATIONS = YES;
				CLANG_WARN_DIRECT_OBJC_ISA_USAGE = YES_ERROR;
				CLANG_WARN_DOCUMENTATION_COMMENTS = YES;
				CLANG_WARN_EMPTY_BODY = YES;
				CLANG_WARN_ENUM_CONVERSION = YES;
				CLANG_WARN_INFINITE_RECURSION = YES;
				CLANG_WARN_INT_CONVERSION = YES;
				CLANG_WARN_NON_LITERAL_NULL_CONVERSION = YES;
				CLANG_WARN_OBJC_IMPLICIT_RETAIN_SELF = YES;
				CLANG_WARN_OBJC_LITERAL_CONVERSION = YES;
				CLANG_WARN_OBJC_ROOT_CLASS = YES_ERROR;
				CLANG_WARN_RANGE_LOOP_ANALYSIS = YES;
				CLANG_WARN_STRICT_PROTOTYPES = YES;
				CLANG_WARN_SUSPICIOUS_MOVE = YES;
				CLANG_WARN_UNGUARDED_AVAILABILITY = YES_AGGRESSIVE;
				CLANG_WARN_UNREACHABLE_CODE = YES;
				CLANG_WARN__DUPLICATE_METHOD_MATCH = YES;
				CODE_SIGN_IDENTITY = "iPhone Developer";
				COPY_PHASE_STRIP = NO;
				DEBUG_INFORMATION_FORMAT = "dwarf-with-dsym";
				ENABLE_NS_ASSERTIONS = NO;
				ENABLE_STRICT_OBJC_MSGSEND = YES;
				GCC_C_LANGUAGE_STANDARD = gnu11;
				GCC_NO_COMMON_BLOCKS = YES;
				GCC_WARN_64_TO_32_BIT_CONVERSION = YES;
				GCC_WARN_ABOUT_RETURN_TYPE = YES_ERROR;
				GCC_WARN_UNDECLARED_SELECTOR = YES;
				GCC_WARN_UNINITIALIZED_AUTOS = YES_AGGRESSIVE;
				GCC_WARN_UNUSED_FUNCTION = YES;
				GCC_WARN_UNUSED_VARIABLE = YES;
				IPHONEOS_DEPLOYMENT_TARGET = 11.4;
				MTL_ENABLE_DEBUG_INFO = NO;
				SDKROOT = iphoneos;
				SWIFT_COMPILATION_MODE = wholemodule;
				SWIFT_OPTIMIZATION_LEVEL = "-O";
				VALIDATE_PRODUCT = YES;
			};
			name = Release;
		};
		2125886120F68059001FC465 /* Debug */ = {
			isa = XCBuildConfiguration;
			buildSettings = {
				ASSETCATALOG_COMPILER_APPICON_NAME = AppIcon;
				CODE_SIGN_STYLE = Automatic;
				DEVELOPMENT_TEAM = 8WF225562B;
				INFOPLIST_FILE = github_test/Info.plist;
				LD_RUNPATH_SEARCH_PATHS = (
					"$(inherited)",
					"@executable_path/Frameworks",
				);
				PRODUCT_BUNDLE_IDENTIFIER = "com.cartwheelgalaxy.games.github-test";
				PRODUCT_NAME = "$(TARGET_NAME)";
				SWIFT_VERSION = 4.0;
				TARGETED_DEVICE_FAMILY = "1,2";
			};
			name = Debug;
		};
		2125886220F68059001FC465 /* Release */ = {
			isa = XCBuildConfiguration;
			buildSettings = {
				ASSETCATALOG_COMPILER_APPICON_NAME = AppIcon;
				CODE_SIGN_STYLE = Automatic;
				DEVELOPMENT_TEAM = 8WF225562B;
				INFOPLIST_FILE = github_test/Info.plist;
				LD_RUNPATH_SEARCH_PATHS = (
					"$(inherited)",
					"@executable_path/Frameworks",
				);
				PRODUCT_BUNDLE_IDENTIFIER = "com.cartwheelgalaxy.games.github-test";
				PRODUCT_NAME = "$(TARGET_NAME)";
				SWIFT_VERSION = 4.0;
				TARGETED_DEVICE_FAMILY = "1,2";
			};
			name = Release;
		};
/* End XCBuildConfiguration section */

/* Begin XCConfigurationList section */
		2125884320F68057001FC465 /* Build configuration list for PBXProject "github_test" */ = {
			isa = XCConfigurationList;
			buildConfigurations = (
				2125885E20F68059001FC465 /* Debug */,
				2125885F20F68059001FC465 /* Release */,
			);
			defaultConfigurationIsVisible = 0;
			defaultConfigurationName = Release;
		};
		2125886020F68059001FC465 /* Build configuration list for PBXNativeTarget "github_test" */ = {
			isa = XCConfigurationList;
			buildConfigurations = (
				2125886120F68059001FC465 /* Debug */,
				2125886220F68059001FC465 /* Release */,
			);
			defaultConfigurationIsVisible = 0;
			defaultConfigurationName = Release;
		};
/* End XCConfigurationList section */
	};
	rootObject = 2125884020F68057001FC465 /* Project object */;
}
